
Microsoft Visual Studio Solution File, Format Version 12.00
# Visual Studio Version 16
VisualStudioVersion = 16.0.29905.134
MinimumVisualStudioVersion = 10.0.40219.1
Project("{FAE04EC0-301F-11D3-BF4B-00C04F79EFBC}") = "WebApi", "WebApi\WebApi.csproj", "{740A0B98-E473-43E1-98A2-BB02F5742E0A}"
EndProject
Project("{FAE04EC0-301F-11D3-BF4B-00C04F79EFBC}") = "BE", "BE\BE.csproj", "{177F1C72-8D16-48D3-AD29-39B87C947F9A}"
EndProject
Project("{FAE04EC0-301F-11D3-BF4B-00C04F79EFBC}") = "DAL", "DAL\DAL.csproj", "{4224E076-A054-4FBE-A8FA-50F91510C373}"
EndProject
Project("{FAE04EC0-301F-11D3-BF4B-00C04F79EFBC}") = "BLL", "BLL\BLL.csproj", "{7D740F87-4985-4255-ADB8-2F1BA32F8F7F}"
EndProject
Project("{FAE04EC0-301F-11D3-BF4B-00C04F79EFBC}") = "ServiciosAFIP", "ServiciosAFIP\ServiciosAFIP.csproj", "{FF00A613-7F4A-4BAF-B0E8-8706640000D3}"
EndProject
Global
	GlobalSection(SolutionConfigurationPlatforms) = preSolution
		Debug|Any CPU = Debug|Any CPU
		Release|Any CPU = Release|Any CPU
	EndGlobalSection
	GlobalSection(ProjectConfigurationPlatforms) = postSolution
		{740A0B98-E473-43E1-98A2-BB02F5742E0A}.Debug|Any CPU.ActiveCfg = Debug|Any CPU
		{740A0B98-E473-43E1-98A2-BB02F5742E0A}.Debug|Any CPU.Build.0 = Debug|Any CPU
		{740A0B98-E473-43E1-98A2-BB02F5742E0A}.Release|Any CPU.ActiveCfg = Release|Any CPU
		{740A0B98-E473-43E1-98A2-BB02F5742E0A}.Release|Any CPU.Build.0 = Release|Any CPU
		{177F1C72-8D16-48D3-AD29-39B87C947F9A}.Debug|Any CPU.ActiveCfg = Debug|Any CPU
		{177F1C72-8D16-48D3-AD29-39B87C947F9A}.Debug|Any CPU.Build.0 = Debug|Any CPU
		{177F1C72-8D16-48D3-AD29-39B87C947F9A}.Release|Any CPU.ActiveCfg = Release|Any CPU
		{177F1C72-8D16-48D3-AD29-39B87C947F9A}.Release|Any CPU.Build.0 = Release|Any CPU
		{4224E076-A054-4FBE-A8FA-50F91510C373}.Debug|Any CPU.ActiveCfg = Debug|Any CPU
		{4224E076-A054-4FBE-A8FA-50F91510C373}.Debug|Any CPU.Build.0 = Debug|Any CPU
		{4224E076-A054-4FBE-A8FA-50F91510C373}.Release|Any CPU.ActiveCfg = Release|Any CPU
		{4224E076-A054-4FBE-A8FA-50F91510C373}.Release|Any CPU.Build.0 = Release|Any CPU
		{7D740F87-4985-4255-ADB8-2F1BA32F8F7F}.Debug|Any CPU.ActiveCfg = Debug|Any CPU
		{7D740F87-4985-4255-ADB8-2F1BA32F8F7F}.Debug|Any CPU.Build.0 = Debug|Any CPU
		{7D740F87-4985-4255-ADB8-2F1BA32F8F7F}.Release|Any CPU.ActiveCfg = Release|Any CPU
		{7D740F87-4985-4255-ADB8-2F1BA32F8F7F}.Release|Any CPU.Build.0 = Release|Any CPU
		{FF00A613-7F4A-4BAF-B0E8-8706640000D3}.Debug|Any CPU.ActiveCfg = Debug|Any CPU
		{FF00A613-7F4A-4BAF-B0E8-8706640000D3}.Debug|Any CPU.Build.0 = Debug|Any CPU
		{FF00A613-7F4A-4BAF-B0E8-8706640000D3}.Release|Any CPU.ActiveCfg = Release|Any CPU
		{FF00A613-7F4A-4BAF-B0E8-8706640000D3}.Release|Any CPU.Build.0 = Release|Any CPU
	EndGlobalSection
	GlobalSection(SolutionProperties) = preSolution
		HideSolutionNode = FALSE
	EndGlobalSection
	GlobalSection(ExtensibilityGlobals) = postSolution
		SolutionGuid = {B0BCC4DA-FF97-4E03-A862-1FB998C3AF67}
	EndGlobalSection
EndGlobal
